
Microsoft Visual Studio Solution File, Format Version 12.00
# Visual Studio Version 16
VisualStudioVersion = 16.0.34601.136
MinimumVisualStudioVersion = 10.0.40219.1
Project("{FAE04EC0-301F-11D3-BF4B-00C04F79EFBC}") = "Inventory Management System", "Inventory Management System\Inventory Management System.csproj", "{BAA089B6-F68E-46A4-9D77-E4C870AACB2E}"
EndProject
Global
	GlobalSection(SolutionConfigurationPlatforms) = preSolution
		Debug|Any CPU = Debug|Any CPU
		Release|Any CPU = Release|Any CPU
	EndGlobalSection
	GlobalSection(ProjectConfigurationPlatforms) = postSolution
		{BAA089B6-F68E-46A4-9D77-E4C870AACB2E}.Debug|Any CPU.ActiveCfg = Debug|Any CPU
		{BAA089B6-F68E-46A4-9D77-E4C870AACB2E}.Debug|Any CPU.Build.0 = Debug|Any CPU
		{BAA089B6-F68E-46A4-9D77-E4C870AACB2E}.Release|Any CPU.ActiveCfg = Release|Any CPU
		{BAA089B6-F68E-46A4-9D77-E4C870AACB2E}.Release|Any CPU.Build.0 = Release|Any CPU
	EndGlobalSection
	GlobalSection(SolutionProperties) = preSolution
		HideSolutionNode = FALSE
	EndGlobalSection
	GlobalSection(ExtensibilityGlobals) = postSolution
		SolutionGuid = {BC60D86D-A48D-4AED-8D61-C01B6C48DCC7}
	EndGlobalSection
EndGlobal
